
Microsoft Visual Studio Solution File, Format Version 12.00
# Visual Studio 14
VisualStudioVersion = 14.0.25420.1
MinimumVisualStudioVersion = 10.0.40219.1
Project("{2150E333-8FDC-42A3-9474-1A3956D46DE8}") = "src", "src", "{C5E679E4-ED06-4653-9D68-10E67D736D7B}"
EndProject
Project("{2150E333-8FDC-42A3-9474-1A3956D46DE8}") = "Solution Items", "Solution Items", "{C437E68F-CDA2-42EC-A505-8F0548FBE778}"
	ProjectSection(SolutionItems) = preProject
		global.json = global.json
	EndProjectSection
EndProject
Project("{8BB2217D-0F2D-49D1-97BC-3654ED321F3B}") = "Crudtest", "src\Crudtest\Crudtest.xproj", "{E7748368-5576-4436-AEA9-A3E347F3495A}"
EndProject
Global
	GlobalSection(SolutionConfigurationPlatforms) = preSolution
		Debug|Any CPU = Debug|Any CPU
		Release|Any CPU = Release|Any CPU
	EndGlobalSection
	GlobalSection(ProjectConfigurationPlatforms) = postSolution
		{E7748368-5576-4436-AEA9-A3E347F3495A}.Debug|Any CPU.ActiveCfg = Debug|Any CPU
		{E7748368-5576-4436-AEA9-A3E347F3495A}.Debug|Any CPU.Build.0 = Debug|Any CPU
		{E7748368-5576-4436-AEA9-A3E347F3495A}.Release|Any CPU.ActiveCfg = Release|Any CPU
		{E7748368-5576-4436-AEA9-A3E347F3495A}.Release|Any CPU.Build.0 = Release|Any CPU
	EndGlobalSection
	GlobalSection(SolutionProperties) = preSolution
		HideSolutionNode = FALSE
	EndGlobalSection
	GlobalSection(NestedProjects) = preSolution
		{E7748368-5576-4436-AEA9-A3E347F3495A} = {C5E679E4-ED06-4653-9D68-10E67D736D7B}
	EndGlobalSection
EndGlobal
